# This file is autogenerated, do not edit; changes may be undone by the next 'dep ensure'.


[[projects]]
  branch = "master"
  digest = "1:a74730e052a45a3fab1d310fdef2ec17ae3d6af16228421e238320846f2aaec8"
  name = "github.com/alecthomas/template"
  packages = [
    ".",
    "parse",
  ]
  pruneopts = ""
  revision = "a0175ee3bccc567396460bf5acd36800cb10c49c"

[[projects]]
  branch = "master"
  digest = "1:8483994d21404c8a1d489f6be756e25bfccd3b45d65821f25695577791a08e68"
  name = "github.com/alecthomas/units"
  packages = ["."]
  pruneopts = ""
  revision = "2efee857e7cfd4f3d0138cc3cbb1b4966962b93a"

[[projects]]
  branch = "master"
  digest = "1:0c5485088ce274fac2e931c1b979f2619345097b39d91af3239977114adf0320"
  name = "github.com/beorn7/perks"
  packages = ["quantile"]
  pruneopts = ""
  revision = "4c0e84591b9aa9e6dcfdf3e020114cd81f89d5f9"

[[projects]]
  digest = "1:684664f6d28c17faefd0e9824ccaae8a673c25b4fad17d2659c1ff36c6fe1c81"
  name = "github.com/go-kit/kit"
  packages = [
    "log",
    "log/level",
  ]
  pruneopts = ""
  revision = "ca4112baa34cb55091301bdc13b1420a122b1b9e"
  version = "v0.7.0"

[[projects]]
  digest = "1:6a4a01d58b227c4b6b11111b9f172ec5c17682b82724e58e6daf3f19f4faccd8"
  name = "github.com/go-logfmt/logfmt"
  packages = ["."]
  pruneopts = ""
  revision = "390ab7935ee28ec6b286364bba9b4dd6410cb3d5"
  version = "v0.3.0"

[[projects]]
  digest = "1:9ca737b471693542351e112c9e86be9bf7385e42256893a09ecb2a98e2036f74"
  name = "github.com/go-stack/stack"
  packages = ["."]
  pruneopts = ""
  revision = "259ab82a6cad3992b4e21ff5cac294ccb06474bc"
  version = "v1.7.0"

[[projects]]
  branch = "master"
  digest = "1:3b760d3b93f994df8eb1d9ebfad17d3e9e37edcb7f7efaa15b427c0d7a64f4e4"
  name = "github.com/golang/protobuf"
  packages = ["proto"]
  pruneopts = ""
  revision = "1e59b77b52bf8e4b449a57e6f79f21226d571845"

[[projects]]
  digest = "1:5544f7badae00bc5b9ec6829857bc08f88fce4d3ef73fb616ee57d49abbf7f48"
  name = "github.com/jackc/pgx"
  packages = [
    ".",
    "chunkreader",
    "internal/sanitize",
    "pgio",
    "pgproto3",
    "pgtype",
  ]
  pruneopts = ""
  revision = "89f1e6ac7276b61d885db5e5aed6fcbedd1c7e31"
  version = "v3.2.0"

[[projects]]
  branch = "master"
  digest = "1:1ed9eeebdf24aadfbca57eb50e6455bd1d2474525e0f0d4454de8c8e9bc7ee9a"
  name = "github.com/kr/logfmt"
  packages = ["."]
  pruneopts = ""
  revision = "b84e30acd515aadc4b783ad4ff83aff3299bdfe0"

[[projects]]
  digest = "1:4c23ced97a470b17d9ffd788310502a077b9c1f60221a85563e49696276b4147"
  name = "github.com/matttproud/golang_protobuf_extensions"
  packages = ["pbutil"]
  pruneopts = ""
  revision = "3247c84500bff8d9fb6d579d800f20b3e091582c"
  version = "v1.0.0"

[[projects]]
  digest = "1:7365acd48986e205ccb8652cc746f09c8b7876030d53710ea6ef7d0bd0dcd7ca"
  name = "github.com/pkg/errors"
  packages = ["."]
  pruneopts = ""
  revision = "645ef00459ed84a119197bfb8d8205042c6df63d"
  version = "v0.8.0"

[[projects]]
  digest = "1:4142d94383572e74b42352273652c62afec5b23f325222ed09198f46009022d1"
  name = "github.com/prometheus/client_golang"
  packages = [
    "prometheus",
    "prometheus/promhttp",
  ]
  pruneopts = ""
  revision = "c5b7fccd204277076155f10851dad72b76a49317"
  version = "v0.8.0"

[[projects]]
  branch = "master"
  digest = "1:60aca47f4eeeb972f1b9da7e7db51dee15ff6c59f7b401c1588b8e6771ba15ef"
  name = "github.com/prometheus/client_model"
  packages = ["go"]
  pruneopts = ""
  revision = "99fa1f4be8e564e8a6b613da7fa6f46c9edafc6c"

[[projects]]
  branch = "master"
  digest = "1:acf9415ef3a5f298495b0e1aa4d0e18f571a3c845872944e6c52777496819b21"
  name = "github.com/prometheus/common"
  packages = [
    "expfmt",
    "internal/bitbucket.org/ww/goautoneg",
    "model",
    "version",
  ]
  pruneopts = ""
  revision = "89604d197083d4781071d3c65855d24ecfb0a563"

[[projects]]
  branch = "master"
  digest = "1:f0857d075687b4ddebb10c8403d5fec9f093f7208b34ed5b6f3101ee2e77cec5"
  name = "github.com/prometheus/procfs"
  packages = [
    ".",
    "xfs",
  ]
  pruneopts = ""
  revision = "b15cd069a83443be3154b719d0cc9fe8117f09fb"

[[projects]]
  digest = "1:15d017551627c8bb091bde628215b2861bed128855343fdd570c62d08871f6e1"
  name = "gopkg.in/alecthomas/kingpin.v2"
  packages = ["."]
  pruneopts = ""
  revision = "947dcec5ba9c011838740e680966fd7087a71d0d"
  version = "v2.2.6"

[solve-meta]
  analyzer-name = "dep"
  analyzer-version = 1
  input-imports = [
    "github.com/go-kit/kit/log",
    "github.com/go-kit/kit/log/level",
    "github.com/jackc/pgx",
    "github.com/pkg/errors",
    "github.com/prometheus/client_golang/prometheus",
    "github.com/prometheus/client_golang/prometheus/promhttp",
    "github.com/prometheus/common/version",
    "gopkg.in/alecthomas/kingpin.v2",
  ]
  solver-name = "gps-cdcl"
  solver-version = 1
